
Microsoft Visual Studio Solution File, Format Version 12.00
# Visual Studio Version 16
VisualStudioVersion = 16.0.31702.278
MinimumVisualStudioVersion = 10.0.40219.1
Project("{FAE04EC0-301F-11D3-BF4B-00C04F79EFBC}") = "KCIBES_HFT_2021221.Client", "KCIBES_HFT_2021221.Client\KCIBES_HFT_2021221.Client.csproj", "{636CD6D1-5510-4684-B013-DEB5CAC429D3}"
EndProject
Project("{FAE04EC0-301F-11D3-BF4B-00C04F79EFBC}") = "KCIBES_HFT_2021221.Models", "KCIBES_HFT_2021221.Models\KCIBES_HFT_2021221.Models.csproj", "{9D001BDC-56D3-43FD-8D6F-2BDBDE18BDD8}"
EndProject
Project("{FAE04EC0-301F-11D3-BF4B-00C04F79EFBC}") = "KCIBES_HFT_2021221.Data", "KCIBES_HFT_2021221.Data\KCIBES_HFT_2021221.Data.csproj", "{D3EBE7C6-A19E-4C98-BC53-F86A688EB094}"
EndProject
Project("{FAE04EC0-301F-11D3-BF4B-00C04F79EFBC}") = "KCIBES_HFT_2021221.Logic", "KCIBES_HFT_2021221.Logic\KCIBES_HFT_2021221.Logic.csproj", "{38C33FD8-B17F-4DE8-AF53-ECFEE8D2FC84}"
EndProject
Project("{FAE04EC0-301F-11D3-BF4B-00C04F79EFBC}") = "KCIBES_HFT_2021221.Repository", "KCIBES_HFT_2021221.Repository\KCIBES_HFT_2021221.Repository.csproj", "{7AB55213-85A8-403C-AB75-E63FB42406C3}"
EndProject
Project("{FAE04EC0-301F-11D3-BF4B-00C04F79EFBC}") = "KCIBES_HFT_2021221.Test", "KCIBES_HFT_2021221.Test\KCIBES_HFT_2021221.Test.csproj", "{D26E43FA-1F57-40FD-9573-C80852451934}"
EndProject
Project("{FAE04EC0-301F-11D3-BF4B-00C04F79EFBC}") = "KCIBES_HFT_2021221.Endpoint", "KCIBES_HFT_2021221.Endpoint\KCIBES_HFT_2021221.Endpoint.csproj", "{5216CE35-DAAD-4BC2-896F-C67E1BC4E2EB}"
EndProject
Project("{2150E333-8FDC-42A3-9474-1A3956D46DE8}") = "Backend", "Backend", "{107F9D94-1E1D-46F1-91D3-B65A73B60EC6}"
EndProject
Project("{2150E333-8FDC-42A3-9474-1A3956D46DE8}") = "Frontend", "Frontend", "{06A958FB-E83D-4477-AEF6-A7D4CF6B0228}"
EndProject
Project("{2150E333-8FDC-42A3-9474-1A3956D46DE8}") = "Shared", "Shared", "{6D4349DE-F372-4571-B368-68CE09987B79}"
EndProject
Global
	GlobalSection(SolutionConfigurationPlatforms) = preSolution
		Debug|Any CPU = Debug|Any CPU
		Release|Any CPU = Release|Any CPU
	EndGlobalSection
	GlobalSection(ProjectConfigurationPlatforms) = postSolution
		{636CD6D1-5510-4684-B013-DEB5CAC429D3}.Debug|Any CPU.ActiveCfg = Debug|Any CPU
		{636CD6D1-5510-4684-B013-DEB5CAC429D3}.Debug|Any CPU.Build.0 = Debug|Any CPU
		{636CD6D1-5510-4684-B013-DEB5CAC429D3}.Release|Any CPU.ActiveCfg = Release|Any CPU
		{636CD6D1-5510-4684-B013-DEB5CAC429D3}.Release|Any CPU.Build.0 = Release|Any CPU
		{9D001BDC-56D3-43FD-8D6F-2BDBDE18BDD8}.Debug|Any CPU.ActiveCfg = Debug|Any CPU
		{9D001BDC-56D3-43FD-8D6F-2BDBDE18BDD8}.Debug|Any CPU.Build.0 = Debug|Any CPU
		{9D001BDC-56D3-43FD-8D6F-2BDBDE18BDD8}.Release|Any CPU.ActiveCfg = Release|Any CPU
		{9D001BDC-56D3-43FD-8D6F-2BDBDE18BDD8}.Release|Any CPU.Build.0 = Release|Any CPU
		{D3EBE7C6-A19E-4C98-BC53-F86A688EB094}.Debug|Any CPU.ActiveCfg = Debug|Any CPU
		{D3EBE7C6-A19E-4C98-BC53-F86A688EB094}.Debug|Any CPU.Build.0 = Debug|Any CPU
		{D3EBE7C6-A19E-4C98-BC53-F86A688EB094}.Release|Any CPU.ActiveCfg = Release|Any CPU
		{D3EBE7C6-A19E-4C98-BC53-F86A688EB094}.Release|Any CPU.Build.0 = Release|Any CPU
		{38C33FD8-B17F-4DE8-AF53-ECFEE8D2FC84}.Debug|Any CPU.ActiveCfg = Debug|Any CPU
		{38C33FD8-B17F-4DE8-AF53-ECFEE8D2FC84}.Debug|Any CPU.Build.0 = Debug|Any CPU
		{38C33FD8-B17F-4DE8-AF53-ECFEE8D2FC84}.Release|Any CPU.ActiveCfg = Release|Any CPU
		{38C33FD8-B17F-4DE8-AF53-ECFEE8D2FC84}.Release|Any CPU.Build.0 = Release|Any CPU
		{7AB55213-85A8-403C-AB75-E63FB42406C3}.Debug|Any CPU.ActiveCfg = Debug|Any CPU
		{7AB55213-85A8-403C-AB75-E63FB42406C3}.Debug|Any CPU.Build.0 = Debug|Any CPU
		{7AB55213-85A8-403C-AB75-E63FB42406C3}.Release|Any CPU.ActiveCfg = Release|Any CPU
		{7AB55213-85A8-403C-AB75-E63FB42406C3}.Release|Any CPU.Build.0 = Release|Any CPU
		{D26E43FA-1F57-40FD-9573-C80852451934}.Debug|Any CPU.ActiveCfg = Debug|Any CPU
		{D26E43FA-1F57-40FD-9573-C80852451934}.Debug|Any CPU.Build.0 = Debug|Any CPU
		{D26E43FA-1F57-40FD-9573-C80852451934}.Release|Any CPU.ActiveCfg = Release|Any CPU
		{D26E43FA-1F57-40FD-9573-C80852451934}.Release|Any CPU.Build.0 = Release|Any CPU
		{5216CE35-DAAD-4BC2-896F-C67E1BC4E2EB}.Debug|Any CPU.ActiveCfg = Debug|Any CPU
		{5216CE35-DAAD-4BC2-896F-C67E1BC4E2EB}.Debug|Any CPU.Build.0 = Debug|Any CPU
		{5216CE35-DAAD-4BC2-896F-C67E1BC4E2EB}.Release|Any CPU.ActiveCfg = Release|Any CPU
		{5216CE35-DAAD-4BC2-896F-C67E1BC4E2EB}.Release|Any CPU.Build.0 = Release|Any CPU
	EndGlobalSection
	GlobalSection(SolutionProperties) = preSolution
		HideSolutionNode = FALSE
	EndGlobalSection
	GlobalSection(NestedProjects) = preSolution
		{636CD6D1-5510-4684-B013-DEB5CAC429D3} = {06A958FB-E83D-4477-AEF6-A7D4CF6B0228}
		{9D001BDC-56D3-43FD-8D6F-2BDBDE18BDD8} = {6D4349DE-F372-4571-B368-68CE09987B79}
		{D3EBE7C6-A19E-4C98-BC53-F86A688EB094} = {107F9D94-1E1D-46F1-91D3-B65A73B60EC6}
		{38C33FD8-B17F-4DE8-AF53-ECFEE8D2FC84} = {107F9D94-1E1D-46F1-91D3-B65A73B60EC6}
		{7AB55213-85A8-403C-AB75-E63FB42406C3} = {107F9D94-1E1D-46F1-91D3-B65A73B60EC6}
		{D26E43FA-1F57-40FD-9573-C80852451934} = {107F9D94-1E1D-46F1-91D3-B65A73B60EC6}
		{5216CE35-DAAD-4BC2-896F-C67E1BC4E2EB} = {107F9D94-1E1D-46F1-91D3-B65A73B60EC6}
	EndGlobalSection
	GlobalSection(ExtensibilityGlobals) = postSolution
		SolutionGuid = {84DE93FA-7FBC-4FC4-B33F-77F2DCC5AFA2}
	EndGlobalSection
EndGlobal
